
Microsoft Visual Studio Solution File, Format Version 12.00
# Visual Studio Version 17
VisualStudioVersion = 17.5.33424.131
MinimumVisualStudioVersion = 10.0.40219.1
Project("{9A19103F-16F7-4668-BE54-9A1E7A4F7556}") = "KassaSystem", "KassaSystem\KassaSystem.csproj", "{876F6ECC-4FDF-4169-8127-83A4E59C186C}"
EndProject
Project("{FAE04EC0-301F-11D3-BF4B-00C04F79EFBC}") = "KassasystemTest", "KassasystemTest\KassasystemTest.csproj", "{B0DA53E2-4182-476B-9935-E13D9F39EDDF}"
EndProject
Global
	GlobalSection(SolutionConfigurationPlatforms) = preSolution
		Debug|Any CPU = Debug|Any CPU
		Release|Any CPU = Release|Any CPU
	EndGlobalSection
	GlobalSection(ProjectConfigurationPlatforms) = postSolution
		{876F6ECC-4FDF-4169-8127-83A4E59C186C}.Debug|Any CPU.ActiveCfg = Debug|Any CPU
		{876F6ECC-4FDF-4169-8127-83A4E59C186C}.Debug|Any CPU.Build.0 = Debug|Any CPU
		{876F6ECC-4FDF-4169-8127-83A4E59C186C}.Release|Any CPU.ActiveCfg = Release|Any CPU
		{876F6ECC-4FDF-4169-8127-83A4E59C186C}.Release|Any CPU.Build.0 = Release|Any CPU
		{B0DA53E2-4182-476B-9935-E13D9F39EDDF}.Debug|Any CPU.ActiveCfg = Debug|Any CPU
		{B0DA53E2-4182-476B-9935-E13D9F39EDDF}.Debug|Any CPU.Build.0 = Debug|Any CPU
		{B0DA53E2-4182-476B-9935-E13D9F39EDDF}.Release|Any CPU.ActiveCfg = Release|Any CPU
		{B0DA53E2-4182-476B-9935-E13D9F39EDDF}.Release|Any CPU.Build.0 = Release|Any CPU
	EndGlobalSection
	GlobalSection(SolutionProperties) = preSolution
		HideSolutionNode = FALSE
	EndGlobalSection
	GlobalSection(ExtensibilityGlobals) = postSolution
		SolutionGuid = {F8C0323E-C739-43C4-B591-AA87877662AA}
	EndGlobalSection
EndGlobal
